
Microsoft Visual Studio Solution File, Format Version 12.00
# Visual Studio 15
VisualStudioVersion = 15.0.26730.8
MinimumVisualStudioVersion = 10.0.40219.1
Project("{FAE04EC0-301F-11D3-BF4B-00C04F79EFBC}") = "WechatExport", "WechatExport\WechatExport.csproj", "{CBB5A717-8BE6-43EE-97C3-1C6442591709}"
EndProject
Project("{FAE04EC0-301F-11D3-BF4B-00C04F79EFBC}") = "IPhoneBackupReader", "IPhoneBackupReader\IPhoneBackupReader.csproj", "{D8C690DF-51BA-4893-8A08-15AF97464946}"
EndProject
Project("{FAE04EC0-301F-11D3-BF4B-00C04F79EFBC}") = "wxexp", "wxexp\wxexp.csproj", "{01B9F430-A706-44F7-AE6A-03B7C7B4615C}"
EndProject
Global
	GlobalSection(SolutionConfigurationPlatforms) = preSolution
		Debug|Any CPU = Debug|Any CPU
		Release|Any CPU = Release|Any CPU
	EndGlobalSection
	GlobalSection(ProjectConfigurationPlatforms) = postSolution
		{CBB5A717-8BE6-43EE-97C3-1C6442591709}.Debug|Any CPU.ActiveCfg = Debug|Any CPU
		{CBB5A717-8BE6-43EE-97C3-1C6442591709}.Release|Any CPU.ActiveCfg = Release|Any CPU
		{CBB5A717-8BE6-43EE-97C3-1C6442591709}.Release|Any CPU.Build.0 = Release|Any CPU
		{CBB5A717-8BE6-43EE-97C3-1C6442591709}.Debug|Any CPU.Build.0 = Debug|Any CPU
		{D8C690DF-51BA-4893-8A08-15AF97464946}.Debug|Any CPU.ActiveCfg = Debug|Any CPU
		{D8C690DF-51BA-4893-8A08-15AF97464946}.Release|Any CPU.ActiveCfg = Release|Any CPU
		{D8C690DF-51BA-4893-8A08-15AF97464946}.Release|Any CPU.Build.0 = Release|Any CPU
		{D8C690DF-51BA-4893-8A08-15AF97464946}.Debug|Any CPU.Build.0 = Debug|Any CPU
		{01B9F430-A706-44F7-AE6A-03B7C7B4615C}.Debug|Any CPU.ActiveCfg = Debug|Any CPU
		{01B9F430-A706-44F7-AE6A-03B7C7B4615C}.Debug|Any CPU.Build.0 = Debug|Any CPU
		{01B9F430-A706-44F7-AE6A-03B7C7B4615C}.Release|Any CPU.ActiveCfg = Release|Any CPU
		{01B9F430-A706-44F7-AE6A-03B7C7B4615C}.Release|Any CPU.Build.0 = Release|Any CPU
	EndGlobalSection
	GlobalSection(SolutionProperties) = preSolution
		HideSolutionNode = FALSE
	EndGlobalSection
	GlobalSection(ExtensibilityGlobals) = postSolution
		SolutionGuid = {E013C296-5F0B-4807-91AE-2548F61DAD53}
	EndGlobalSection
	GlobalSection(MonoDevelopProperties) = preSolution
		Policies = $0
		$0.VersionControlPolicy = $1
		version = 1.7.0
	EndGlobalSection
EndGlobal
